// !$*UTF8*$!
{
	archiveVersion = 1;
	classes = {
	};
	objectVersion = 46;
	objects = {

/* Begin PBXBuildFile section */
		9510CFED1BE848940008404D /* Social.framework in Frameworks */ = {isa = PBXBuildFile; fileRef = 9510CFEC1BE848940008404D /* Social.framework */; };
		9510CFEF1BE9A1A60008404D /* TopDiscountsCollectionViewController.swift in Sources */ = {isa = PBXBuildFile; fileRef = 9510CFEE1BE9A1A50008404D /* TopDiscountsCollectionViewController.swift */; };
		95206BAF1C03A5460073B06A /* CityModel.swift in Sources */ = {isa = PBXBuildFile; fileRef = 95206BAE1C03A5460073B06A /* CityModel.swift */; };
		95206BB61C03D9F60073B06A /* cityData.json in Resources */ = {isa = PBXBuildFile; fileRef = 95206BB51C03D9F60073B06A /* cityData.json */; };
		9524BD2F1BEB408E00225624 /* SubCategoriesTableViewController.swift in Sources */ = {isa = PBXBuildFile; fileRef = 9524BD2E1BEB408D00225624 /* SubCategoriesTableViewController.swift */; };
		95468F2C1BFA9B99000C1D11 /* ProductsCollectionViewController.swift in Sources */ = {isa = PBXBuildFile; fileRef = 95468F2B1BFA9B99000C1D11 /* ProductsCollectionViewController.swift */; };
		9547E5A31C07C92F0017976A /* tutorialFirst.png in Resources */ = {isa = PBXBuildFile; fileRef = 9547E59D1C07C92F0017976A /* tutorialFirst.png */; };
		9547E5A41C07C92F0017976A /* tutorialFirst@2x.png in Resources */ = {isa = PBXBuildFile; fileRef = 9547E59E1C07C92F0017976A /* tutorialFirst@2x.png */; };
		9547E5A51C07C92F0017976A /* tutorialFirst@3x.png in Resources */ = {isa = PBXBuildFile; fileRef = 9547E59F1C07C92F0017976A /* tutorialFirst@3x.png */; };
		9547E5AE1C07E4C70017976A /* tutorialSecond.png in Resources */ = {isa = PBXBuildFile; fileRef = 9547E5AB1C07E4C70017976A /* tutorialSecond.png */; };
		9547E5AF1C07E4C70017976A /* tutorialSecond@2x.png in Resources */ = {isa = PBXBuildFile; fileRef = 9547E5AC1C07E4C70017976A /* tutorialSecond@2x.png */; };
		9547E5B01C07E4C70017976A /* tutorialSecond@3x.png in Resources */ = {isa = PBXBuildFile; fileRef = 9547E5AD1C07E4C70017976A /* tutorialSecond@3x.png */; };
		954F2F0D1BF0356C0062275A /* NearestsStoresTableViewController.swift in Sources */ = {isa = PBXBuildFile; fileRef = 954F2F0C1BF0356C0062275A /* NearestsStoresTableViewController.swift */; };
		954F2F111BF036B60062275A /* StoreModel.swift in Sources */ = {isa = PBXBuildFile; fileRef = 954F2F101BF036B60062275A /* StoreModel.swift */; };
		9554E19D1BE0173600AC2563 /* ViewControllerProtocol.swift in Sources */ = {isa = PBXBuildFile; fileRef = 9554E19C1BE0173600AC2563 /* ViewControllerProtocol.swift */; };
		9554E1A31BE04C5700AC2563 /* DiscountsCollectionViewController.swift in Sources */ = {isa = PBXBuildFile; fileRef = 9554E1A21BE04C5700AC2563 /* DiscountsCollectionViewController.swift */; };
		95611DF91BEC42CD00EAF8ED /* WalkthroughViewController.swift in Sources */ = {isa = PBXBuildFile; fileRef = 95611DF81BEC42CC00EAF8ED /* WalkthroughViewController.swift */; };
		95611DFB1BEC590E00EAF8ED /* bgOnboarding.png in Resources */ = {isa = PBXBuildFile; fileRef = 95611DFA1BEC590E00EAF8ED /* bgOnboarding.png */; };
		95611DFD1BEC591C00EAF8ED /* littleDude.png in Resources */ = {isa = PBXBuildFile; fileRef = 95611DFC1BEC591C00EAF8ED /* littleDude.png */; };
		95611DFF1BEC646B00EAF8ED /* littleDudeSerious.png in Resources */ = {isa = PBXBuildFile; fileRef = 95611DFE1BEC646A00EAF8ED /* littleDudeSerious.png */; };
		958BFB641BE7028D0062B108 /* CategoriesTableViewCell.swift in Sources */ = {isa = PBXBuildFile; fileRef = 958BFB631BE7028D0062B108 /* CategoriesTableViewCell.swift */; };
		959A73951BFC040E00CEAEB5 /* StoreTableViewCell.swift in Sources */ = {isa = PBXBuildFile; fileRef = 959A73941BFC040E00CEAEB5 /* StoreTableViewCell.swift */; };
		95A48C751BDEE73800BA1486 /* ProductsCollectionViewCell.swift in Sources */ = {isa = PBXBuildFile; fileRef = 95A48C741BDEE73800BA1486 /* ProductsCollectionViewCell.swift */; };
		95A48C771BDEF76100BA1486 /* ic_share.png in Resources */ = {isa = PBXBuildFile; fileRef = 95A48C761BDEF76100BA1486 /* ic_share.png */; };
		95A48C791BDEF76B00BA1486 /* ic_heart.png in Resources */ = {isa = PBXBuildFile; fileRef = 95A48C781BDEF76B00BA1486 /* ic_heart.png */; };
		95A48C7B1BDEF77500BA1486 /* ic_like.png in Resources */ = {isa = PBXBuildFile; fileRef = 95A48C7A1BDEF77500BA1486 /* ic_like.png */; };
		95A48C7D1BDEFB2B00BA1486 /* sample-product.jpg in Resources */ = {isa = PBXBuildFile; fileRef = 95A48C7C1BDEFB2B00BA1486 /* sample-product.jpg */; };
		95A48C811BDF205100BA1486 /* APIProtocol.swift in Sources */ = {isa = PBXBuildFile; fileRef = 95A48C801BDF205000BA1486 /* APIProtocol.swift */; };
		95A48C831BDF212000BA1486 /* API.swift in Sources */ = {isa = PBXBuildFile; fileRef = 95A48C821BDF212000BA1486 /* API.swift */; };
		95A48C851BDF296700BA1486 /* ProductModel.swift in Sources */ = {isa = PBXBuildFile; fileRef = 95A48C841BDF296700BA1486 /* ProductModel.swift */; };
		95AC0C1B1BE31325001F7198 /* CategoriesTableViewController.swift in Sources */ = {isa = PBXBuildFile; fileRef = 95AC0C1A1BE31324001F7198 /* CategoriesTableViewController.swift */; };
		95AC0C1D1BE314C2001F7198 /* CategoryModel.swift in Sources */ = {isa = PBXBuildFile; fileRef = 95AC0C1C1BE314C2001F7198 /* CategoryModel.swift */; };
		95ADE6EC1C01648200A41222 /* ChooseCityViewController.swift in Sources */ = {isa = PBXBuildFile; fileRef = 95ADE6EB1C01648200A41222 /* ChooseCityViewController.swift */; };
		95C15FB11BD9C1B700BD329A /* AppDelegate.swift in Sources */ = {isa = PBXBuildFile; fileRef = 95C15FB01BD9C1B700BD329A /* AppDelegate.swift */; };
		95C15FB31BD9C1B700BD329A /* ViewController.swift in Sources */ = {isa = PBXBuildFile; fileRef = 95C15FB21BD9C1B700BD329A /* ViewController.swift */; };
		95C15FB61BD9C1B700BD329A /* Main.storyboard in Resources */ = {isa = PBXBuildFile; fileRef = 95C15FB41BD9C1B700BD329A /* Main.storyboard */; };
		95C15FB91BD9C1B700BD329A /* BrasilOutlet.xcdatamodeld in Sources */ = {isa = PBXBuildFile; fileRef = 95C15FB71BD9C1B700BD329A /* BrasilOutlet.xcdatamodeld */; };
		95C15FBB1BD9C1B700BD329A /* Assets.xcassets in Resources */ = {isa = PBXBuildFile; fileRef = 95C15FBA1BD9C1B700BD329A /* Assets.xcassets */; };
		95C15FBE1BD9C1B700BD329A /* LaunchScreen.storyboard in Resources */ = {isa = PBXBuildFile; fileRef = 95C15FBC1BD9C1B700BD329A /* LaunchScreen.storyboard */; };
		95C15FC91BD9C1B700BD329A /* BrasilOutletTests.swift in Sources */ = {isa = PBXBuildFile; fileRef = 95C15FC81BD9C1B700BD329A /* BrasilOutletTests.swift */; };
		95C15FD41BD9C1B800BD329A /* BrasilOutletUITests.swift in Sources */ = {isa = PBXBuildFile; fileRef = 95C15FD31BD9C1B800BD329A /* BrasilOutletUITests.swift */; };
		95D67BF01BF1374C006257C0 /* UIViewControllerExtension.swift in Sources */ = {isa = PBXBuildFile; fileRef = 95D67BEF1BF1374C006257C0 /* UIViewControllerExtension.swift */; };
		95D67BF21BF146B2006257C0 /* ProductDetailTableViewController.swift in Sources */ = {isa = PBXBuildFile; fileRef = 95D67BF11BF146B2006257C0 /* ProductDetailTableViewController.swift */; };
		95D67BF41BF14788006257C0 /* ProductDetailTableViewCell.swift in Sources */ = {isa = PBXBuildFile; fileRef = 95D67BF31BF14788006257C0 /* ProductDetailTableViewCell.swift */; };
		95FA5E4A1BFEBBC900D6FE20 /* ResponseModel.swift in Sources */ = {isa = PBXBuildFile; fileRef = 95FA5E491BFEBBC900D6FE20 /* ResponseModel.swift */; };
		D152D2A9568C4CB5F450D77B /* Pods.framework in Frameworks */ = {isa = PBXBuildFile; fileRef = 7F382DDCFA41C83F1F508B59 /* Pods.framework */; };
/* End PBXBuildFile section */

/* Begin PBXContainerItemProxy section */
		95C15FC51BD9C1B700BD329A /* PBXContainerItemProxy */ = {
			isa = PBXContainerItemProxy;
			containerPortal = 95C15FA51BD9C1B600BD329A /* Project object */;
			proxyType = 1;
			remoteGlobalIDString = 95C15FAC1BD9C1B600BD329A;
			remoteInfo = BrasilOutlet;
		};
		95C15FD01BD9C1B700BD329A /* PBXContainerItemProxy */ = {
			isa = PBXContainerItemProxy;
			containerPortal = 95C15FA51BD9C1B600BD329A /* Project object */;
			proxyType = 1;
			remoteGlobalIDString = 95C15FAC1BD9C1B600BD329A;
			remoteInfo = BrasilOutlet;
		};
/* End PBXContainerItemProxy section */

/* Begin PBXFileReference section */
		4049798EFEB52FAB1A0F26EB /* Pods.release.xcconfig */ = {isa = PBXFileReference; includeInIndex = 1; lastKnownFileType = text.xcconfig; name = Pods.release.xcconfig; path = "Pods/Target Support Files/Pods/Pods.release.xcconfig"; sourceTree = "<group>"; };
		7F382DDCFA41C83F1F508B59 /* Pods.framework */ = {isa = PBXFileReference; explicitFileType = wrapper.framework; includeInIndex = 0; path = Pods.framework; sourceTree = BUILT_PRODUCTS_DIR; };
		9510CFEC1BE848940008404D /* Social.framework */ = {isa = PBXFileReference; lastKnownFileType = wrapper.framework; name = Social.framework; path = System/Library/Frameworks/Social.framework; sourceTree = SDKROOT; };
		9510CFEE1BE9A1A50008404D /* TopDiscountsCollectionViewController.swift */ = {isa = PBXFileReference; fileEncoding = 4; lastKnownFileType = sourcecode.swift; path = TopDiscountsCollectionViewController.swift; sourceTree = "<group>"; };
		95206BAE1C03A5460073B06A /* CityModel.swift */ = {isa = PBXFileReference; fileEncoding = 4; lastKnownFileType = sourcecode.swift; path = CityModel.swift; sourceTree = "<group>"; };
		95206BB51C03D9F60073B06A /* cityData.json */ = {isa = PBXFileReference; fileEncoding = 4; lastKnownFileType = text.json; name = cityData.json; path = ../cityData.json; sourceTree = "<group>"; };
		9524BD2E1BEB408D00225624 /* SubCategoriesTableViewController.swift */ = {isa = PBXFileReference; fileEncoding = 4; lastKnownFileType = sourcecode.swift; path = SubCategoriesTableViewController.swift; sourceTree = "<group>"; };
		95468F2B1BFA9B99000C1D11 /* ProductsCollectionViewController.swift */ = {isa = PBXFileReference; fileEncoding = 4; lastKnownFileType = sourcecode.swift; path = ProductsCollectionViewController.swift; sourceTree = "<group>"; };
		9547E59D1C07C92F0017976A /* tutorialFirst.png */ = {isa = PBXFileReference; lastKnownFileType = image.png; path = tutorialFirst.png; sourceTree = "<group>"; };
		9547E59E1C07C92F0017976A /* tutorialFirst@2x.png */ = {isa = PBXFileReference; lastKnownFileType = image.png; path = "tutorialFirst@2x.png"; sourceTree = "<group>"; };
		9547E59F1C07C92F0017976A /* tutorialFirst@3x.png */ = {isa = PBXFileReference; lastKnownFileType = image.png; path = "tutorialFirst@3x.png"; sourceTree = "<group>"; };
		9547E5AB1C07E4C70017976A /* tutorialSecond.png */ = {isa = PBXFileReference; lastKnownFileType = image.png; path = tutorialSecond.png; sourceTree = "<group>"; };
		9547E5AC1C07E4C70017976A /* tutorialSecond@2x.png */ = {isa = PBXFileReference; lastKnownFileType = image.png; path = "tutorialSecond@2x.png"; sourceTree = "<group>"; };
		9547E5AD1C07E4C70017976A /* tutorialSecond@3x.png */ = {isa = PBXFileReference; lastKnownFileType = image.png; path = "tutorialSecond@3x.png"; sourceTree = "<group>"; };
		954F2F0C1BF0356C0062275A /* NearestsStoresTableViewController.swift */ = {isa = PBXFileReference; fileEncoding = 4; lastKnownFileType = sourcecode.swift; path = NearestsStoresTableViewController.swift; sourceTree = "<group>"; };
		954F2F101BF036B60062275A /* StoreModel.swift */ = {isa = PBXFileReference; fileEncoding = 4; lastKnownFileType = sourcecode.swift; path = StoreModel.swift; sourceTree = "<group>"; };
		9554E19C1BE0173600AC2563 /* ViewControllerProtocol.swift */ = {isa = PBXFileReference; fileEncoding = 4; lastKnownFileType = sourcecode.swift; path = ViewControllerProtocol.swift; sourceTree = "<group>"; };
		9554E1A21BE04C5700AC2563 /* DiscountsCollectionViewController.swift */ = {isa = PBXFileReference; fileEncoding = 4; lastKnownFileType = sourcecode.swift; path = DiscountsCollectionViewController.swift; sourceTree = "<group>"; };
		95611DF81BEC42CC00EAF8ED /* WalkthroughViewController.swift */ = {isa = PBXFileReference; fileEncoding = 4; lastKnownFileType = sourcecode.swift; path = WalkthroughViewController.swift; sourceTree = "<group>"; };
		95611DFA1BEC590E00EAF8ED /* bgOnboarding.png */ = {isa = PBXFileReference; lastKnownFileType = image.png; path = bgOnboarding.png; sourceTree = "<group>"; };
		95611DFC1BEC591C00EAF8ED /* littleDude.png */ = {isa = PBXFileReference; lastKnownFileType = image.png; path = littleDude.png; sourceTree = "<group>"; };
		95611DFE1BEC646A00EAF8ED /* littleDudeSerious.png */ = {isa = PBXFileReference; lastKnownFileType = image.png; path = littleDudeSerious.png; sourceTree = "<group>"; };
		958BFB631BE7028D0062B108 /* CategoriesTableViewCell.swift */ = {isa = PBXFileReference; fileEncoding = 4; lastKnownFileType = sourcecode.swift; path = CategoriesTableViewCell.swift; sourceTree = "<group>"; };
		959A73941BFC040E00CEAEB5 /* StoreTableViewCell.swift */ = {isa = PBXFileReference; fileEncoding = 4; lastKnownFileType = sourcecode.swift; path = StoreTableViewCell.swift; sourceTree = "<group>"; };
		95A48C741BDEE73800BA1486 /* ProductsCollectionViewCell.swift */ = {isa = PBXFileReference; fileEncoding = 4; lastKnownFileType = sourcecode.swift; path = ProductsCollectionViewCell.swift; sourceTree = "<group>"; };
		95A48C761BDEF76100BA1486 /* ic_share.png */ = {isa = PBXFileReference; lastKnownFileType = image.png; path = ic_share.png; sourceTree = "<group>"; };
		95A48C781BDEF76B00BA1486 /* ic_heart.png */ = {isa = PBXFileReference; lastKnownFileType = image.png; path = ic_heart.png; sourceTree = "<group>"; };
		95A48C7A1BDEF77500BA1486 /* ic_like.png */ = {isa = PBXFileReference; lastKnownFileType = image.png; path = ic_like.png; sourceTree = "<group>"; };
		95A48C7C1BDEFB2B00BA1486 /* sample-product.jpg */ = {isa = PBXFileReference; lastKnownFileType = image.jpeg; path = "sample-product.jpg"; sourceTree = "<group>"; };
		95A48C801BDF205000BA1486 /* APIProtocol.swift */ = {isa = PBXFileReference; fileEncoding = 4; lastKnownFileType = sourcecode.swift; path = APIProtocol.swift; sourceTree = "<group>"; };
		95A48C821BDF212000BA1486 /* API.swift */ = {isa = PBXFileReference; fileEncoding = 4; lastKnownFileType = sourcecode.swift; path = API.swift; sourceTree = "<group>"; };
		95A48C841BDF296700BA1486 /* ProductModel.swift */ = {isa = PBXFileReference; fileEncoding = 4; lastKnownFileType = sourcecode.swift; path = ProductModel.swift; sourceTree = "<group>"; };
		95AC0C1A1BE31324001F7198 /* CategoriesTableViewController.swift */ = {isa = PBXFileReference; fileEncoding = 4; lastKnownFileType = sourcecode.swift; path = CategoriesTableViewController.swift; sourceTree = "<group>"; };
		95AC0C1C1BE314C2001F7198 /* CategoryModel.swift */ = {isa = PBXFileReference; fileEncoding = 4; lastKnownFileType = sourcecode.swift; path = CategoryModel.swift; sourceTree = "<group>"; };
		95ADE6EB1C01648200A41222 /* ChooseCityViewController.swift */ = {isa = PBXFileReference; fileEncoding = 4; lastKnownFileType = sourcecode.swift; path = ChooseCityViewController.swift; sourceTree = "<group>"; };
		95C15FAD1BD9C1B700BD329A /* BrasilOutlet.app */ = {isa = PBXFileReference; explicitFileType = wrapper.application; includeInIndex = 0; path = BrasilOutlet.app; sourceTree = BUILT_PRODUCTS_DIR; };
		95C15FB01BD9C1B700BD329A /* AppDelegate.swift */ = {isa = PBXFileReference; lastKnownFileType = sourcecode.swift; path = AppDelegate.swift; sourceTree = "<group>"; };
		95C15FB21BD9C1B700BD329A /* ViewController.swift */ = {isa = PBXFileReference; lastKnownFileType = sourcecode.swift; path = ViewController.swift; sourceTree = "<group>"; };
		95C15FB51BD9C1B700BD329A /* Base */ = {isa = PBXFileReference; lastKnownFileType = file.storyboard; name = Base; path = Base.lproj/Main.storyboard; sourceTree = "<group>"; };
		95C15FB81BD9C1B700BD329A /* BrasilOutlet.xcdatamodel */ = {isa = PBXFileReference; lastKnownFileType = wrapper.xcdatamodel; path = BrasilOutlet.xcdatamodel; sourceTree = "<group>"; };
		95C15FBA1BD9C1B700BD329A /* Assets.xcassets */ = {isa = PBXFileReference; lastKnownFileType = folder.assetcatalog; path = Assets.xcassets; sourceTree = "<group>"; };
		95C15FBD1BD9C1B700BD329A /* Base */ = {isa = PBXFileReference; lastKnownFileType = file.storyboard; name = Base; path = Base.lproj/LaunchScreen.storyboard; sourceTree = "<group>"; };
		95C15FBF1BD9C1B700BD329A /* Info.plist */ = {isa = PBXFileReference; lastKnownFileType = text.plist.xml; path = Info.plist; sourceTree = "<group>"; };
		95C15FC41BD9C1B700BD329A /* BrasilOutletTests.xctest */ = {isa = PBXFileReference; explicitFileType = wrapper.cfbundle; includeInIndex = 0; path = BrasilOutletTests.xctest; sourceTree = BUILT_PRODUCTS_DIR; };
		95C15FC81BD9C1B700BD329A /* BrasilOutletTests.swift */ = {isa = PBXFileReference; lastKnownFileType = sourcecode.swift; path = BrasilOutletTests.swift; sourceTree = "<group>"; };
		95C15FCA1BD9C1B700BD329A /* Info.plist */ = {isa = PBXFileReference; lastKnownFileType = text.plist.xml; path = Info.plist; sourceTree = "<group>"; };
		95C15FCF1BD9C1B700BD329A /* BrasilOutletUITests.xctest */ = {isa = PBXFileReference; explicitFileType = wrapper.cfbundle; includeInIndex = 0; path = BrasilOutletUITests.xctest; sourceTree = BUILT_PRODUCTS_DIR; };
		95C15FD31BD9C1B800BD329A /* BrasilOutletUITests.swift */ = {isa = PBXFileReference; lastKnownFileType = sourcecode.swift; path = BrasilOutletUITests.swift; sourceTree = "<group>"; };
		95C15FD51BD9C1B800BD329A /* Info.plist */ = {isa = PBXFileReference; lastKnownFileType = text.plist.xml; path = Info.plist; sourceTree = "<group>"; };
		95D67BEF1BF1374C006257C0 /* UIViewControllerExtension.swift */ = {isa = PBXFileReference; fileEncoding = 4; lastKnownFileType = sourcecode.swift; path = UIViewControllerExtension.swift; sourceTree = "<group>"; };
		95D67BF11BF146B2006257C0 /* ProductDetailTableViewController.swift */ = {isa = PBXFileReference; fileEncoding = 4; lastKnownFileType = sourcecode.swift; path = ProductDetailTableViewController.swift; sourceTree = "<group>"; };
		95D67BF31BF14788006257C0 /* ProductDetailTableViewCell.swift */ = {isa = PBXFileReference; fileEncoding = 4; lastKnownFileType = sourcecode.swift; path = ProductDetailTableViewCell.swift; sourceTree = "<group>"; };
		95FA5E491BFEBBC900D6FE20 /* ResponseModel.swift */ = {isa = PBXFileReference; fileEncoding = 4; lastKnownFileType = sourcecode.swift; path = ResponseModel.swift; sourceTree = "<group>"; };
		DF0781B9C5394C702F79C0ED /* Pods.debug.xcconfig */ = {isa = PBXFileReference; includeInIndex = 1; lastKnownFileType = text.xcconfig; name = Pods.debug.xcconfig; path = "Pods/Target Support Files/Pods/Pods.debug.xcconfig"; sourceTree = "<group>"; };
/* End PBXFileReference section */

/* Begin PBXFrameworksBuildPhase section */
		95C15FAA1BD9C1B600BD329A /* Frameworks */ = {
			isa = PBXFrameworksBuildPhase;
			buildActionMask = 2147483647;
			files = (
				9510CFED1BE848940008404D /* Social.framework in Frameworks */,
				D152D2A9568C4CB5F450D77B /* Pods.framework in Frameworks */,
			);
			runOnlyForDeploymentPostprocessing = 0;
		};
		95C15FC11BD9C1B700BD329A /* Frameworks */ = {
			isa = PBXFrameworksBuildPhase;
			buildActionMask = 2147483647;
			files = (
			);
			runOnlyForDeploymentPostprocessing = 0;
		};
		95C15FCC1BD9C1B700BD329A /* Frameworks */ = {
			isa = PBXFrameworksBuildPhase;
			buildActionMask = 2147483647;
			files = (
			);
			runOnlyForDeploymentPostprocessing = 0;
		};
/* End PBXFrameworksBuildPhase section */

/* Begin PBXGroup section */
		0C12675FA18EF00AF58861DC /* Pods */ = {
			isa = PBXGroup;
			children = (
				DF0781B9C5394C702F79C0ED /* Pods.debug.xcconfig */,
				4049798EFEB52FAB1A0F26EB /* Pods.release.xcconfig */,
			);
			name = Pods;
			sourceTree = "<group>";
		};
		4A3ACA543A963C0926F83ADE /* Frameworks */ = {
			isa = PBXGroup;
			children = (
				9510CFEC1BE848940008404D /* Social.framework */,
				7F382DDCFA41C83F1F508B59 /* Pods.framework */,
			);
			name = Frameworks;
			sourceTree = "<group>";
		};
		95206BB21C03D5780073B06A /* Resources */ = {
			isa = PBXGroup;
			children = (
				95206BB51C03D9F60073B06A /* cityData.json */,
			);
			name = Resources;
			sourceTree = "<group>";
		};
		95206BB31C03D5820073B06A /* Model */ = {
			isa = PBXGroup;
			children = (
				95FA5E491BFEBBC900D6FE20 /* ResponseModel.swift */,
				95A48C841BDF296700BA1486 /* ProductModel.swift */,
				95AC0C1C1BE314C2001F7198 /* CategoryModel.swift */,
				95206BAE1C03A5460073B06A /* CityModel.swift */,
				954F2F101BF036B60062275A /* StoreModel.swift */,
			);
			name = Model;
			sourceTree = "<group>";
		};
		9547E59C1C07C90B0017976A /* Images */ = {
			isa = PBXGroup;
			children = (
				9547E5AB1C07E4C70017976A /* tutorialSecond.png */,
				9547E5AC1C07E4C70017976A /* tutorialSecond@2x.png */,
				9547E5AD1C07E4C70017976A /* tutorialSecond@3x.png */,
				9547E59D1C07C92F0017976A /* tutorialFirst.png */,
				9547E59E1C07C92F0017976A /* tutorialFirst@2x.png */,
				9547E59F1C07C92F0017976A /* tutorialFirst@3x.png */,
			);
			name = Images;
			sourceTree = "<group>";
		};
		95C15FA41BD9C1B600BD329A = {
			isa = PBXGroup;
			children = (
				95C15FAF1BD9C1B700BD329A /* BrasilOutlet */,
				95C15FC71BD9C1B700BD329A /* BrasilOutletTests */,
				95C15FD21BD9C1B800BD329A /* BrasilOutletUITests */,
				95C15FAE1BD9C1B700BD329A /* Products */,
				0C12675FA18EF00AF58861DC /* Pods */,
				4A3ACA543A963C0926F83ADE /* Frameworks */,
			);
			sourceTree = "<group>";
		};
		95C15FAE1BD9C1B700BD329A /* Products */ = {
			isa = PBXGroup;
			children = (
				95C15FAD1BD9C1B700BD329A /* BrasilOutlet.app */,
				95C15FC41BD9C1B700BD329A /* BrasilOutletTests.xctest */,
				95C15FCF1BD9C1B700BD329A /* BrasilOutletUITests.xctest */,
			);
			name = Products;
			sourceTree = "<group>";
		};
		95C15FAF1BD9C1B700BD329A /* BrasilOutlet */ = {
			isa = PBXGroup;
			children = (
				9547E59C1C07C90B0017976A /* Images */,
				95206BB31C03D5820073B06A /* Model */,
				95206BB21C03D5780073B06A /* Resources */,
				95C15FB01BD9C1B700BD329A /* AppDelegate.swift */,
				95C15FB21BD9C1B700BD329A /* ViewController.swift */,
				95C15FB41BD9C1B700BD329A /* Main.storyboard */,
				95ADE6EB1C01648200A41222 /* ChooseCityViewController.swift */,
				959A73941BFC040E00CEAEB5 /* StoreTableViewCell.swift */,
				95611DF81BEC42CC00EAF8ED /* WalkthroughViewController.swift */,
				95AC0C1A1BE31324001F7198 /* CategoriesTableViewController.swift */,
				95D67BF11BF146B2006257C0 /* ProductDetailTableViewController.swift */,
				95D67BF31BF14788006257C0 /* ProductDetailTableViewCell.swift */,
				95468F2B1BFA9B99000C1D11 /* ProductsCollectionViewController.swift */,
				954F2F0C1BF0356C0062275A /* NearestsStoresTableViewController.swift */,
				95D67BEF1BF1374C006257C0 /* UIViewControllerExtension.swift */,
				9524BD2E1BEB408D00225624 /* SubCategoriesTableViewController.swift */,
				9510CFEE1BE9A1A50008404D /* TopDiscountsCollectionViewController.swift */,
				9554E1A21BE04C5700AC2563 /* DiscountsCollectionViewController.swift */,
				95A48C821BDF212000BA1486 /* API.swift */,
				9554E19C1BE0173600AC2563 /* ViewControllerProtocol.swift */,
				958BFB631BE7028D0062B108 /* CategoriesTableViewCell.swift */,
				95A48C801BDF205000BA1486 /* APIProtocol.swift */,
				95A48C741BDEE73800BA1486 /* ProductsCollectionViewCell.swift */,
				95C15FBA1BD9C1B700BD329A /* Assets.xcassets */,
				95A48C7A1BDEF77500BA1486 /* ic_like.png */,
				95A48C761BDEF76100BA1486 /* ic_share.png */,
				95A48C781BDEF76B00BA1486 /* ic_heart.png */,
				95611DFE1BEC646A00EAF8ED /* littleDudeSerious.png */,
				95A48C7C1BDEFB2B00BA1486 /* sample-product.jpg */,
				95C15FBC1BD9C1B700BD329A /* LaunchScreen.storyboard */,
				95C15FBF1BD9C1B700BD329A /* Info.plist */,
				95611DFC1BEC591C00EAF8ED /* littleDude.png */,
				95611DFA1BEC590E00EAF8ED /* bgOnboarding.png */,
				95C15FB71BD9C1B700BD329A /* BrasilOutlet.xcdatamodeld */,
			);
			path = BrasilOutlet;
			sourceTree = "<group>";
		};
		95C15FC71BD9C1B700BD329A /* BrasilOutletTests */ = {
			isa = PBXGroup;
			children = (
				95C15FC81BD9C1B700BD329A /* BrasilOutletTests.swift */,
				95C15FCA1BD9C1B700BD329A /* Info.plist */,
			);
			path = BrasilOutletTests;
			sourceTree = "<group>";
		};
		95C15FD21BD9C1B800BD329A /* BrasilOutletUITests */ = {
			isa = PBXGroup;
			children = (
				95C15FD31BD9C1B800BD329A /* BrasilOutletUITests.swift */,
				95C15FD51BD9C1B800BD329A /* Info.plist */,
			);
			path = BrasilOutletUITests;
			sourceTree = "<group>";
		};
/* End PBXGroup section */

/* Begin PBXNativeTarget section */
		95C15FAC1BD9C1B600BD329A /* BrasilOutlet */ = {
			isa = PBXNativeTarget;
			buildConfigurationList = 95C15FD81BD9C1B800BD329A /* Build configuration list for PBXNativeTarget "BrasilOutlet" */;
			buildPhases = (
				538859F9337DD5CB03AD65EB /* Check Pods Manifest.lock */,
				95C15FA91BD9C1B600BD329A /* Sources */,
				95C15FAA1BD9C1B600BD329A /* Frameworks */,
				95C15FAB1BD9C1B600BD329A /* Resources */,
				298F0E29DF42D0FC6F4E78FD /* Embed Pods Frameworks */,
				860E1D6A2940F0B1709DC64A /* Copy Pods Resources */,
			);
			buildRules = (
			);
			dependencies = (
			);
			name = BrasilOutlet;
			productName = BrasilOutlet;
			productReference = 95C15FAD1BD9C1B700BD329A /* BrasilOutlet.app */;
			productType = "com.apple.product-type.application";
		};
		95C15FC31BD9C1B700BD329A /* BrasilOutletTests */ = {
			isa = PBXNativeTarget;
			buildConfigurationList = 95C15FDB1BD9C1B800BD329A /* Build configuration list for PBXNativeTarget "BrasilOutletTests" */;
			buildPhases = (
				95C15FC01BD9C1B700BD329A /* Sources */,
				95C15FC11BD9C1B700BD329A /* Frameworks */,
				95C15FC21BD9C1B700BD329A /* Resources */,
			);
			buildRules = (
			);
			dependencies = (
				95C15FC61BD9C1B700BD329A /* PBXTargetDependency */,
			);
			name = BrasilOutletTests;
			productName = BrasilOutletTests;
			productReference = 95C15FC41BD9C1B700BD329A /* BrasilOutletTests.xctest */;
			productType = "com.apple.product-type.bundle.unit-test";
		};
		95C15FCE1BD9C1B700BD329A /* BrasilOutletUITests */ = {
			isa = PBXNativeTarget;
			buildConfigurationList = 95C15FDE1BD9C1B800BD329A /* Build configuration list for PBXNativeTarget "BrasilOutletUITests" */;
			buildPhases = (
				95C15FCB1BD9C1B700BD329A /* Sources */,
				95C15FCC1BD9C1B700BD329A /* Frameworks */,
				95C15FCD1BD9C1B700BD329A /* Resources */,
			);
			buildRules = (
			);
			dependencies = (
				95C15FD11BD9C1B700BD329A /* PBXTargetDependency */,
			);
			name = BrasilOutletUITests;
			productName = BrasilOutletUITests;
			productReference = 95C15FCF1BD9C1B700BD329A /* BrasilOutletUITests.xctest */;
			productType = "com.apple.product-type.bundle.ui-testing";
		};
/* End PBXNativeTarget section */

/* Begin PBXProject section */
		95C15FA51BD9C1B600BD329A /* Project object */ = {
			isa = PBXProject;
			attributes = {
				LastSwiftUpdateCheck = 0710;
				LastUpgradeCheck = 0700;
				ORGANIZATIONNAME = "Luiz Dias";
				TargetAttributes = {
					95C15FAC1BD9C1B600BD329A = {
						CreatedOnToolsVersion = 7.0;
						DevelopmentTeam = RE42V45HN2;
					};
					95C15FC31BD9C1B700BD329A = {
						CreatedOnToolsVersion = 7.0;
						DevelopmentTeam = DHQE73465J;
						TestTargetID = 95C15FAC1BD9C1B600BD329A;
					};
					95C15FCE1BD9C1B700BD329A = {
						CreatedOnToolsVersion = 7.0;
						DevelopmentTeam = DHQE73465J;
						TestTargetID = 95C15FAC1BD9C1B600BD329A;
					};
				};
			};
			buildConfigurationList = 95C15FA81BD9C1B600BD329A /* Build configuration list for PBXProject "BrasilOutlet" */;
			compatibilityVersion = "Xcode 3.2";
			developmentRegion = English;
			hasScannedForEncodings = 0;
			knownRegions = (
				en,
				Base,
			);
			mainGroup = 95C15FA41BD9C1B600BD329A;
			productRefGroup = 95C15FAE1BD9C1B700BD329A /* Products */;
			projectDirPath = "";
			projectRoot = "";
			targets = (
				95C15FAC1BD9C1B600BD329A /* BrasilOutlet */,
				95C15FC31BD9C1B700BD329A /* BrasilOutletTests */,
				95C15FCE1BD9C1B700BD329A /* BrasilOutletUITests */,
			);
		};
/* End PBXProject section */

/* Begin PBXResourcesBuildPhase section */
		95C15FAB1BD9C1B600BD329A /* Resources */ = {
			isa = PBXResourcesBuildPhase;
			buildActionMask = 2147483647;
			files = (
				95611DFD1BEC591C00EAF8ED /* littleDude.png in Resources */,
				95C15FBE1BD9C1B700BD329A /* LaunchScreen.storyboard in Resources */,
				9547E5AF1C07E4C70017976A /* tutorialSecond@2x.png in Resources */,
				95A48C771BDEF76100BA1486 /* ic_share.png in Resources */,
				95A48C7B1BDEF77500BA1486 /* ic_like.png in Resources */,
				95611DFF1BEC646B00EAF8ED /* littleDudeSerious.png in Resources */,
				9547E5AE1C07E4C70017976A /* tutorialSecond.png in Resources */,
				95A48C7D1BDEFB2B00BA1486 /* sample-product.jpg in Resources */,
				95A48C791BDEF76B00BA1486 /* ic_heart.png in Resources */,
				95206BB61C03D9F60073B06A /* cityData.json in Resources */,
				9547E5A51C07C92F0017976A /* tutorialFirst@3x.png in Resources */,
				9547E5A31C07C92F0017976A /* tutorialFirst.png in Resources */,
				95C15FBB1BD9C1B700BD329A /* Assets.xcassets in Resources */,
				95C15FB61BD9C1B700BD329A /* Main.storyboard in Resources */,
				9547E5B01C07E4C70017976A /* tutorialSecond@3x.png in Resources */,
				9547E5A41C07C92F0017976A /* tutorialFirst@2x.png in Resources */,
				95611DFB1BEC590E00EAF8ED /* bgOnboarding.png in Resources */,
			);
			runOnlyForDeploymentPostprocessing = 0;
		};
		95C15FC21BD9C1B700BD329A /* Resources */ = {
			isa = PBXResourcesBuildPhase;
			buildActionMask = 2147483647;
			files = (
			);
			runOnlyForDeploymentPostprocessing = 0;
		};
		95C15FCD1BD9C1B700BD329A /* Resources */ = {
			isa = PBXResourcesBuildPhase;
			buildActionMask = 2147483647;
			files = (
			);
			runOnlyForDeploymentPostprocessing = 0;
		};
/* End PBXResourcesBuildPhase section */

/* Begin PBXShellScriptBuildPhase section */
		298F0E29DF42D0FC6F4E78FD /* Embed Pods Frameworks */ = {
			isa = PBXShellScriptBuildPhase;
			buildActionMask = 2147483647;
			files = (
			);
			inputPaths = (
			);
			name = "Embed Pods Frameworks";
			outputPaths = (
			);
			runOnlyForDeploymentPostprocessing = 0;
			shellPath = /bin/sh;
			shellScript = "\"${SRCROOT}/Pods/Target Support Files/Pods/Pods-frameworks.sh\"\n";
			showEnvVarsInLog = 0;
		};
		538859F9337DD5CB03AD65EB /* Check Pods Manifest.lock */ = {
			isa = PBXShellScriptBuildPhase;
			buildActionMask = 2147483647;
			files = (
			);
			inputPaths = (
			);
			name = "Check Pods Manifest.lock";
			outputPaths = (
			);
			runOnlyForDeploymentPostprocessing = 0;
			shellPath = /bin/sh;
			shellScript = "diff \"${PODS_ROOT}/../Podfile.lock\" \"${PODS_ROOT}/Manifest.lock\" > /dev/null\nif [[ $? != 0 ]] ; then\n    cat << EOM\nerror: The sandbox is not in sync with the Podfile.lock. Run 'pod install' or update your CocoaPods installation.\nEOM\n    exit 1\nfi\n";
			showEnvVarsInLog = 0;
		};
		860E1D6A2940F0B1709DC64A /* Copy Pods Resources */ = {
			isa = PBXShellScriptBuildPhase;
			buildActionMask = 2147483647;
			files = (
			);
			inputPaths = (
			);
			name = "Copy Pods Resources";
			outputPaths = (
			);
			runOnlyForDeploymentPostprocessing = 0;
			shellPath = /bin/sh;
			shellScript = "\"${SRCROOT}/Pods/Target Support Files/Pods/Pods-resources.sh\"\n";
			showEnvVarsInLog = 0;
		};
/* End PBXShellScriptBuildPhase section */

/* Begin PBXSourcesBuildPhase section */
		95C15FA91BD9C1B600BD329A /* Sources */ = {
			isa = PBXSourcesBuildPhase;
			buildActionMask = 2147483647;
			files = (
				954F2F0D1BF0356C0062275A /* NearestsStoresTableViewController.swift in Sources */,
				95A48C751BDEE73800BA1486 /* ProductsCollectionViewCell.swift in Sources */,
				95D67BF41BF14788006257C0 /* ProductDetailTableViewCell.swift in Sources */,
				95C15FB31BD9C1B700BD329A /* ViewController.swift in Sources */,
				95AC0C1D1BE314C2001F7198 /* CategoryModel.swift in Sources */,
				9510CFEF1BE9A1A60008404D /* TopDiscountsCollectionViewController.swift in Sources */,
				9524BD2F1BEB408E00225624 /* SubCategoriesTableViewController.swift in Sources */,
				9554E19D1BE0173600AC2563 /* ViewControllerProtocol.swift in Sources */,
				95D67BF21BF146B2006257C0 /* ProductDetailTableViewController.swift in Sources */,
				95C15FB11BD9C1B700BD329A /* AppDelegate.swift in Sources */,
				95206BAF1C03A5460073B06A /* CityModel.swift in Sources */,
				95468F2C1BFA9B99000C1D11 /* ProductsCollectionViewController.swift in Sources */,
				95AC0C1B1BE31325001F7198 /* CategoriesTableViewController.swift in Sources */,
				95611DF91BEC42CD00EAF8ED /* WalkthroughViewController.swift in Sources */,
				959A73951BFC040E00CEAEB5 /* StoreTableViewCell.swift in Sources */,
				95FA5E4A1BFEBBC900D6FE20 /* ResponseModel.swift in Sources */,
				954F2F111BF036B60062275A /* StoreModel.swift in Sources */,
				9554E1A31BE04C5700AC2563 /* DiscountsCollectionViewController.swift in Sources */,
				95A48C811BDF205100BA1486 /* APIProtocol.swift in Sources */,
				95ADE6EC1C01648200A41222 /* ChooseCityViewController.swift in Sources */,
				95C15FB91BD9C1B700BD329A /* BrasilOutlet.xcdatamodeld in Sources */,
				95A48C831BDF212000BA1486 /* API.swift in Sources */,
				95D67BF01BF1374C006257C0 /* UIViewControllerExtension.swift in Sources */,
				958BFB641BE7028D0062B108 /* CategoriesTableViewCell.swift in Sources */,
				95A48C851BDF296700BA1486 /* ProductModel.swift in Sources */,
			);
			runOnlyForDeploymentPostprocessing = 0;
		};
		95C15FC01BD9C1B700BD329A /* Sources */ = {
			isa = PBXSourcesBuildPhase;
			buildActionMask = 2147483647;
			files = (
				95C15FC91BD9C1B700BD329A /* BrasilOutletTests.swift in Sources */,
			);
			runOnlyForDeploymentPostprocessing = 0;
		};
		95C15FCB1BD9C1B700BD329A /* Sources */ = {
			isa = PBXSourcesBuildPhase;
			buildActionMask = 2147483647;
			files = (
				95C15FD41BD9C1B800BD329A /* BrasilOutletUITests.swift in Sources */,
			);
			runOnlyForDeploymentPostprocessing = 0;
		};
/* End PBXSourcesBuildPhase section */

/* Begin PBXTargetDependency section */
		95C15FC61BD9C1B700BD329A /* PBXTargetDependency */ = {
			isa = PBXTargetDependency;
			target = 95C15FAC1BD9C1B600BD329A /* BrasilOutlet */;
			targetProxy = 95C15FC51BD9C1B700BD329A /* PBXContainerItemProxy */;
		};
		95C15FD11BD9C1B700BD329A /* PBXTargetDependency */ = {
			isa = PBXTargetDependency;
			target = 95C15FAC1BD9C1B600BD329A /* BrasilOutlet */;
			targetProxy = 95C15FD01BD9C1B700BD329A /* PBXContainerItemProxy */;
		};
/* End PBXTargetDependency section */

/* Begin PBXVariantGroup section */
		95C15FB41BD9C1B700BD329A /* Main.storyboard */ = {
			isa = PBXVariantGroup;
			children = (
				95C15FB51BD9C1B700BD329A /* Base */,
			);
			name = Main.storyboard;
			sourceTree = "<group>";
		};
		95C15FBC1BD9C1B700BD329A /* LaunchScreen.storyboard */ = {
			isa = PBXVariantGroup;
			children = (
				95C15FBD1BD9C1B700BD329A /* Base */,
			);
			name = LaunchScreen.storyboard;
			sourceTree = "<group>";
		};
/* End PBXVariantGroup section */

/* Begin XCBuildConfiguration section */
		95C15FD61BD9C1B800BD329A /* Debug */ = {
			isa = XCBuildConfiguration;
			buildSettings = {
				ALWAYS_SEARCH_USER_PATHS = NO;
				CLANG_CXX_LANGUAGE_STANDARD = "gnu++0x";
				CLANG_CXX_LIBRARY = "libc++";
				CLANG_ENABLE_MODULES = YES;
				CLANG_ENABLE_OBJC_ARC = YES;
				CLANG_WARN_BOOL_CONVERSION = YES;
				CLANG_WARN_CONSTANT_CONVERSION = YES;
				CLANG_WARN_DIRECT_OBJC_ISA_USAGE = YES_ERROR;
				CLANG_WARN_EMPTY_BODY = YES;
				CLANG_WARN_ENUM_CONVERSION = YES;
				CLANG_WARN_INT_CONVERSION = YES;
				CLANG_WARN_OBJC_ROOT_CLASS = YES_ERROR;
				CLANG_WARN_UNREACHABLE_CODE = YES;
				CLANG_WARN__DUPLICATE_METHOD_MATCH = YES;
				"CODE_SIGN_IDENTITY[sdk=iphoneos*]" = "iPhone Developer";
				COPY_PHASE_STRIP = NO;
				DEBUG_INFORMATION_FORMAT = dwarf;
				ENABLE_STRICT_OBJC_MSGSEND = YES;
				ENABLE_TESTABILITY = YES;
				GCC_C_LANGUAGE_STANDARD = gnu99;
				GCC_DYNAMIC_NO_PIC = NO;
				GCC_NO_COMMON_BLOCKS = YES;
				GCC_OPTIMIZATION_LEVEL = 0;
				GCC_PREPROCESSOR_DEFINITIONS = (
					"DEBUG=1",
					"$(inherited)",
				);
				GCC_WARN_64_TO_32_BIT_CONVERSION = YES;
				GCC_WARN_ABOUT_RETURN_TYPE = YES_ERROR;
				GCC_WARN_UNDECLARED_SELECTOR = YES;
				GCC_WARN_UNINITIALIZED_AUTOS = YES_AGGRESSIVE;
				GCC_WARN_UNUSED_FUNCTION = YES;
				GCC_WARN_UNUSED_VARIABLE = YES;
				IPHONEOS_DEPLOYMENT_TARGET = 9.0;
				MTL_ENABLE_DEBUG_INFO = YES;
				ONLY_ACTIVE_ARCH = YES;
				SDKROOT = iphoneos;
				SWIFT_OPTIMIZATION_LEVEL = "-Onone";
				TARGETED_DEVICE_FAMILY = "1,2";
			};
			name = Debug;
		};
		95C15FD71BD9C1B800BD329A /* Release */ = {
			isa = XCBuildConfiguration;
			buildSettings = {
				ALWAYS_SEARCH_USER_PATHS = NO;
				CLANG_CXX_LANGUAGE_STANDARD = "gnu++0x";
				CLANG_CXX_LIBRARY = "libc++";
				CLANG_ENABLE_MODULES = YES;
				CLANG_ENABLE_OBJC_ARC = YES;
				CLANG_WARN_BOOL_CONVERSION = YES;
				CLANG_WARN_CONSTANT_CONVERSION = YES;
				CLANG_WARN_DIRECT_OBJC_ISA_USAGE = YES_ERROR;
				CLANG_WARN_EMPTY_BODY = YES;
				CLANG_WARN_ENUM_CONVERSION = YES;
				CLANG_WARN_INT_CONVERSION = YES;
				CLANG_WARN_OBJC_ROOT_CLASS = YES_ERROR;
				CLANG_WARN_UNREACHABLE_CODE = YES;
				CLANG_WARN__DUPLICATE_METHOD_MATCH = YES;
				"CODE_SIGN_IDENTITY[sdk=iphoneos*]" = "iPhone Developer";
				COPY_PHASE_STRIP = NO;
				DEBUG_INFORMATION_FORMAT = "dwarf-with-dsym";
				ENABLE_NS_ASSERTIONS = NO;
				ENABLE_STRICT_OBJC_MSGSEND = YES;
				GCC_C_LANGUAGE_STANDARD = gnu99;
				GCC_NO_COMMON_BLOCKS = YES;
				GCC_WARN_64_TO_32_BIT_CONVERSION = YES;
				GCC_WARN_ABOUT_RETURN_TYPE = YES_ERROR;
				GCC_WARN_UNDECLARED_SELECTOR = YES;
				GCC_WARN_UNINITIALIZED_AUTOS = YES_AGGRESSIVE;
				GCC_WARN_UNUSED_FUNCTION = YES;
				GCC_WARN_UNUSED_VARIABLE = YES;
				IPHONEOS_DEPLOYMENT_TARGET = 9.0;
				MTL_ENABLE_DEBUG_INFO = NO;
				SDKROOT = iphoneos;
				TARGETED_DEVICE_FAMILY = "1,2";
				VALIDATE_PRODUCT = YES;
			};
			name = Release;
		};
		95C15FD91BD9C1B800BD329A /* Debug */ = {
			isa = XCBuildConfiguration;
			baseConfigurationReference = DF0781B9C5394C702F79C0ED /* Pods.debug.xcconfig */;
			buildSettings = {
				ASSETCATALOG_COMPILER_APPICON_NAME = AppIcon;
				CODE_SIGN_IDENTITY = "iPhone Developer";
				INFOPLIST_FILE = BrasilOutlet/Info.plist;
				LD_RUNPATH_SEARCH_PATHS = "$(inherited) @executable_path/Frameworks";
				PRODUCT_BUNDLE_IDENTIFIER = com.brasiloutlet.BrasilOutlet;
				PRODUCT_NAME = "$(TARGET_NAME)";
				PROVISIONING_PROFILE = "";
			};
			name = Debug;
		};
		95C15FDA1BD9C1B800BD329A /* Release */ = {
			isa = XCBuildConfiguration;
			baseConfigurationReference = 4049798EFEB52FAB1A0F26EB /* Pods.release.xcconfig */;
			buildSettings = {
				ASSETCATALOG_COMPILER_APPICON_NAME = AppIcon;
				CODE_SIGN_IDENTITY = "iPhone Distribution";
				"CODE_SIGN_IDENTITY[sdk=iphoneos*]" = "iPhone Distribution";
				INFOPLIST_FILE = BrasilOutlet/Info.plist;
				LD_RUNPATH_SEARCH_PATHS = "$(inherited) @executable_path/Frameworks";
				PRODUCT_BUNDLE_IDENTIFIER = com.brasiloutlet.BrasilOutlet;
				PRODUCT_NAME = "$(TARGET_NAME)";
				PROVISIONING_PROFILE = "";
			};
			name = Release;
		};
		95C15FDC1BD9C1B800BD329A /* Debug */ = {
			isa = XCBuildConfiguration;
			buildSettings = {
				BUNDLE_LOADER = "$(TEST_HOST)";
				INFOPLIST_FILE = BrasilOutletTests/Info.plist;
				LD_RUNPATH_SEARCH_PATHS = "$(inherited) @executable_path/Frameworks @loader_path/Frameworks";
				PRODUCT_BUNDLE_IDENTIFIER = com.brasiloutlet.BrasilOutletTests;
				PRODUCT_NAME = "$(TARGET_NAME)";
				TEST_HOST = "$(BUILT_PRODUCTS_DIR)/BrasilOutlet.app/BrasilOutlet";
			};
			name = Debug;
		};
		95C15FDD1BD9C1B800BD329A /* Release */ = {
			isa = XCBuildConfiguration;
			buildSettings = {
				BUNDLE_LOADER = "$(TEST_HOST)";
				INFOPLIST_FILE = BrasilOutletTests/Info.plist;
				LD_RUNPATH_SEARCH_PATHS = "$(inherited) @executable_path/Frameworks @loader_path/Frameworks";
				PRODUCT_BUNDLE_IDENTIFIER = com.brasiloutlet.BrasilOutletTests;
				PRODUCT_NAME = "$(TARGET_NAME)";
				TEST_HOST = "$(BUILT_PRODUCTS_DIR)/BrasilOutlet.app/BrasilOutlet";
			};
			name = Release;
		};
		95C15FDF1BD9C1B800BD329A /* Debug */ = {
			isa = XCBuildConfiguration;
			buildSettings = {
				INFOPLIST_FILE = BrasilOutletUITests/Info.plist;
				LD_RUNPATH_SEARCH_PATHS = "$(inherited) @executable_path/Frameworks @loader_path/Frameworks";
				PRODUCT_BUNDLE_IDENTIFIER = com.brasiloutlet.BrasilOutletUITests;
				PRODUCT_NAME = "$(TARGET_NAME)";
				TEST_TARGET_NAME = BrasilOutlet;
				USES_XCTRUNNER = YES;
			};
			name = Debug;
		};
		95C15FE01BD9C1B800BD329A /* Release */ = {
			isa = XCBuildConfiguration;
			buildSettings = {
				INFOPLIST_FILE = BrasilOutletUITests/Info.plist;
				LD_RUNPATH_SEARCH_PATHS = "$(inherited) @executable_path/Frameworks @loader_path/Frameworks";
				PRODUCT_BUNDLE_IDENTIFIER = com.brasiloutlet.BrasilOutletUITests;
				PRODUCT_NAME = "$(TARGET_NAME)";
				TEST_TARGET_NAME = BrasilOutlet;
				USES_XCTRUNNER = YES;
			};
			name = Release;
		};
/* End XCBuildConfiguration section */

/* Begin XCConfigurationList section */
		95C15FA81BD9C1B600BD329A /* Build configuration list for PBXProject "BrasilOutlet" */ = {
			isa = XCConfigurationList;
			buildConfigurations = (
				95C15FD61BD9C1B800BD329A /* Debug */,
				95C15FD71BD9C1B800BD329A /* Release */,
			);
			defaultConfigurationIsVisible = 0;
			defaultConfigurationName = Release;
		};
		95C15FD81BD9C1B800BD329A /* Build configuration list for PBXNativeTarget "BrasilOutlet" */ = {
			isa = XCConfigurationList;
			buildConfigurations = (
				95C15FD91BD9C1B800BD329A /* Debug */,
				95C15FDA1BD9C1B800BD329A /* Release */,
			);
			defaultConfigurationIsVisible = 0;
			defaultConfigurationName = Release;
		};
		95C15FDB1BD9C1B800BD329A /* Build configuration list for PBXNativeTarget "BrasilOutletTests" */ = {
			isa = XCConfigurationList;
			buildConfigurations = (
				95C15FDC1BD9C1B800BD329A /* Debug */,
				95C15FDD1BD9C1B800BD329A /* Release */,
			);
			defaultConfigurationIsVisible = 0;
			defaultConfigurationName = Release;
		};
		95C15FDE1BD9C1B800BD329A /* Build configuration list for PBXNativeTarget "BrasilOutletUITests" */ = {
			isa = XCConfigurationList;
			buildConfigurations = (
				95C15FDF1BD9C1B800BD329A /* Debug */,
				95C15FE01BD9C1B800BD329A /* Release */,
			);
			defaultConfigurationIsVisible = 0;
			defaultConfigurationName = Release;
		};
/* End XCConfigurationList section */

/* Begin XCVersionGroup section */
		95C15FB71BD9C1B700BD329A /* BrasilOutlet.xcdatamodeld */ = {
			isa = XCVersionGroup;
			children = (
				95C15FB81BD9C1B700BD329A /* BrasilOutlet.xcdatamodel */,
			);
			currentVersion = 95C15FB81BD9C1B700BD329A /* BrasilOutlet.xcdatamodel */;
			path = BrasilOutlet.xcdatamodeld;
			sourceTree = "<group>";
			versionGroupType = wrapper.xcdatamodel;
		};
/* End XCVersionGroup section */
	};
	rootObject = 95C15FA51BD9C1B600BD329A /* Project object */;
}
